Microsoft Visual Studio Solution File, Format Version 11.00
# Visual Studio 2008

Project("{599EE828-7DFC-DEB8-0E11-E68F5A8F241D}") = "2670HW", "Assembly-CSharp.csproj", "{FCFB683C-11CF-B347-6779-5CA542754956}"
EndProject
Global
	GlobalSection(SolutionConfigurationPlatforms) = preSolution
		Debug|Any CPU = Debug|Any CPU
		Release|Any CPU = Release|Any CPU
	EndGlobalSection
	GlobalSection(ProjectConfigurationPlatforms) = postSolution
		{FCFB683C-11CF-B347-6779-5CA542754956}.Debug|Any CPU.ActiveCfg = Debug|Any CPU
		{FCFB683C-11CF-B347-6779-5CA542754956}.Debug|Any CPU.Build.0 = Debug|Any CPU
		{FCFB683C-11CF-B347-6779-5CA542754956}.Release|Any CPU.ActiveCfg = Release|Any CPU
		{FCFB683C-11CF-B347-6779-5CA542754956}.Release|Any CPU.Build.0 = Release|Any CPU
	EndGlobalSection
	GlobalSection(SolutionProperties) = preSolution
		HideSolutionNode = FALSE
	EndGlobalSection
	GlobalSection(MonoDevelopProperties) = preSolution
		StartupItem = Assembly-CSharp.csproj
	EndGlobalSection
EndGlobal
